<?xml version="1.0" encoding="utf-8"?>
<Project ToolsVersion="4.0" xmlns="http://schemas.microsoft.com/developer/msbuild/2003">
  <ItemGroup>
    <Filter Include="App_Header">
      <UniqueIdentifier>{67DA6AB6-F800-4c08-8B7A-83BB121AAD01}</UniqueIdentifier>
      <Extensions>rc;ico;cur;bmp;dlg;rc2;rct;bin;rgs;gif;jpg;jpeg;jpe;resx;tiff;tif;png;wav;mfcribbon-ms</Extensions>
    </Filter>
    <Filter Include="App_Source">
      <UniqueIdentifier>{4FC737F1-C7A5-4376-A066-2A32D752A2FF}</UniqueIdentifier>
      <Extensions>cpp;c;cc;cxx;def;odl;idl;hpj;bat;asm;asmx</Extensions>
    </Filter>
    <Filter Include="Display">
      <UniqueIdentifier>{93995380-89BD-4b04-88EB-625FBE52EBFB}</UniqueIdentifier>
      <Extensions>h;hh;hpp;hxx;hm;inl;inc;xsd</Extensions>
    </Filter>
    <Filter Include="Images">
      <UniqueIdentifier>{02cefdee-ccb4-4631-bcae-7df6809e79d7}</UniqueIdentifier>
    </Filter>
    <Filter Include="UserInfo">
      <UniqueIdentifier>{419ca2d9-d34f-4dfb-bb57-d584259e298e}</UniqueIdentifier>
    </Filter>
  </ItemGroup>
  <ItemGroup>
    <ClCompile Include="App.cpp">
      <Filter>App_Source</Filter>
    </ClCompile>
    <ClCompile Include="AppMsgProc.cpp">
      <Filter>App_Source</Filter>
    </ClCompile>
    <ClCompile Include="Display.cpp">
      <Filter>Display</Filter>
    </ClCompile>
    <ClCompile Include="Images.cpp">
      <Filter>Images</Filter>
    </ClCompile>
  </ItemGroup>
  <ItemGroup>
    <ClInclude Include="Display.h">
      <Filter>Display</Filter>
    </ClInclude>
    <ClInclude Include="App.h">
      <Filter>App_Header</Filter>
    </ClInclude>
    <ClInclude Include="AppMsgProc.h">
      <Filter>App_Header</Filter>
    </ClInclude>
    <ClInclude Include="targetver.h" />
    <ClInclude Include="Images.h">
      <Filter>Images</Filter>
    </ClInclude>
    <ClInclude Include="UserInfo.h">
      <Filter>UserInfo</Filter>
    </ClInclude>
  </ItemGroup>
  <ItemGroup>
    <None Include="Assignment.vcproj" />
  </ItemGroup>
</Project>