<?xml version="1.0" encoding="utf-8"?>
<Project ToolsVersion="4.0" xmlns="http://schemas.microsoft.com/developer/msbuild/2003">
  <ItemGroup>
    <Filter Include="Source">
      <UniqueIdentifier>{47df49d7-1b94-486a-bd6d-2eccfec452e1}</UniqueIdentifier>
    </Filter>
    <Filter Include="Game">
      <UniqueIdentifier>{86e688c8-3e9a-4728-a31e-8c7602e3e487}</UniqueIdentifier>
    </Filter>
    <Filter Include="Include">
      <UniqueIdentifier>{46fa8f81-fd80-4f31-a211-29ec36c3c160}</UniqueIdentifier>
    </Filter>
    <Filter Include="Include\Core">
      <UniqueIdentifier>{3e7b531f-4ac2-487d-ae1c-da7708db893d}</UniqueIdentifier>
    </Filter>
    <Filter Include="Include\Network">
      <UniqueIdentifier>{6a6c33dc-2220-4e87-8518-f385e9bcdc3e}</UniqueIdentifier>
    </Filter>
    <Filter Include="Include\Thread">
      <UniqueIdentifier>{5dbf3679-ece9-462b-bce8-6f291cb70236}</UniqueIdentifier>
    </Filter>
    <Filter Include="Include\Util">
      <UniqueIdentifier>{a2834a20-a61a-48ed-b0de-c69536ea15f4}</UniqueIdentifier>
    </Filter>
  </ItemGroup>
  <ItemGroup>
    <ClCompile Include="..\Game\game_env.cpp">
      <Filter>Game</Filter>
    </ClCompile>
    <ClCompile Include="main.cpp">
      <Filter>Source</Filter>
    </ClCompile>
    <ClCompile Include="..\Include\Core\exception.cpp">
      <Filter>Include\Core</Filter>
    </ClCompile>
    <ClCompile Include="..\Include\Core\exception_handler.cpp">
      <Filter>Include\Core</Filter>
    </ClCompile>
    <ClCompile Include="..\Include\Network\acceptor.cpp">
      <Filter>Include\Network</Filter>
    </ClCompile>
    <ClCompile Include="..\Include\Network\connection.cpp">
      <Filter>Include\Network</Filter>
    </ClCompile>
    <ClCompile Include="..\Include\Network\console.cpp">
      <Filter>Include\Network</Filter>
    </ClCompile>
    <ClCompile Include="..\Include\Network\iocp.cpp">
      <Filter>Include\Network</Filter>
    </ClCompile>
    <ClCompile Include="..\Include\Network\net_util.cpp">
      <Filter>Include\Network</Filter>
    </ClCompile>
    <ClCompile Include="..\Include\Network\queue.cpp">
      <Filter>Include\Network</Filter>
    </ClCompile>
    <ClCompile Include="..\Include\Network\socket.cpp">
      <Filter>Include\Network</Filter>
    </ClCompile>
    <ClCompile Include="..\Include\Network\syncstream_connection.cpp">
      <Filter>Include\Network</Filter>
    </ClCompile>
    <ClCompile Include="..\Include\Thread\lock.cpp">
      <Filter>Include\Thread</Filter>
    </ClCompile>
    <ClCompile Include="..\Include\Thread\thread.cpp">
      <Filter>Include\Thread</Filter>
    </ClCompile>
    <ClCompile Include="..\Include\Util\string_util.cpp">
      <Filter>Include\Util</Filter>
    </ClCompile>
    <ClCompile Include="..\Include\Util\timer.cpp">
      <Filter>Include\Util</Filter>
    </ClCompile>
    <ClCompile Include="..\Include\Util\w32_util.cpp">
      <Filter>Include\Util</Filter>
    </ClCompile>
    <ClCompile Include="..\Include\Core\logger.cpp">
      <Filter>Include\Core</Filter>
    </ClCompile>
  </ItemGroup>
  <ItemGroup>
    <ClInclude Include="..\Game\game_env.h">
      <Filter>Game</Filter>
    </ClInclude>
    <ClInclude Include="..\Game\game_message.h">
      <Filter>Game</Filter>
    </ClInclude>
    <ClInclude Include="..\Include\Core\exception.h">
      <Filter>Include\Core</Filter>
    </ClInclude>
    <ClInclude Include="..\Include\Core\exception_handler.h">
      <Filter>Include\Core</Filter>
    </ClInclude>
    <ClInclude Include="..\Include\Core\types.h">
      <Filter>Include\Core</Filter>
    </ClInclude>
    <ClInclude Include="..\Include\Network\acceptor.h">
      <Filter>Include\Network</Filter>
    </ClInclude>
    <ClInclude Include="..\Include\Network\addr.h">
      <Filter>Include\Network</Filter>
    </ClInclude>
    <ClInclude Include="..\Include\Network\connection.h">
      <Filter>Include\Network</Filter>
    </ClInclude>
    <ClInclude Include="..\Include\Network\console.h">
      <Filter>Include\Network</Filter>
    </ClInclude>
    <ClInclude Include="..\Include\Network\iocp.h">
      <Filter>Include\Network</Filter>
    </ClInclude>
    <ClInclude Include="..\Include\Network\iocp_struct.h">
      <Filter>Include\Network</Filter>
    </ClInclude>
    <ClInclude Include="..\Include\Network\net_const.h">
      <Filter>Include\Network</Filter>
    </ClInclude>
    <ClInclude Include="..\Include\Network\net_util.h">
      <Filter>Include\Network</Filter>
    </ClInclude>
    <ClInclude Include="..\Include\Network\network_event.h">
      <Filter>Include\Network</Filter>
    </ClInclude>
    <ClInclude Include="..\Include\Network\queue.h">
      <Filter>Include\Network</Filter>
    </ClInclude>
    <ClInclude Include="..\Include\Network\socket.h">
      <Filter>Include\Network</Filter>
    </ClInclude>
    <ClInclude Include="..\Include\Network\socket_object.h">
      <Filter>Include\Network</Filter>
    </ClInclude>
    <ClInclude Include="..\Include\Network\syncstream_connection.h">
      <Filter>Include\Network</Filter>
    </ClInclude>
    <ClInclude Include="..\Include\Thread\lock.h">
      <Filter>Include\Thread</Filter>
    </ClInclude>
    <ClInclude Include="..\Include\Thread\thread.h">
      <Filter>Include\Thread</Filter>
    </ClInclude>
    <ClInclude Include="..\Include\Util\gdi_helper.h">
      <Filter>Include\Util</Filter>
    </ClInclude>
    <ClInclude Include="..\Include\Util\string_util.h">
      <Filter>Include\Util</Filter>
    </ClInclude>
    <ClInclude Include="..\Include\Util\timer.h">
      <Filter>Include\Util</Filter>
    </ClInclude>
    <ClInclude Include="..\Include\Util\w32_util.h">
      <Filter>Include\Util</Filter>
    </ClInclude>
  </ItemGroup>
</Project>